
Microsoft Visual Studio Solution File, Format Version 12.00
# Visual Studio Version 16
VisualStudioVersion = 16.0.31112.23
MinimumVisualStudioVersion = 10.0.40219.1
Project("{FAE04EC0-301F-11D3-BF4B-00C04F79EFBC}") = "PupuTool", "PupuTool.csproj", "{FEF92A8C-4A65-4CD7-86A7-0B9ACF2F2140}"
EndProject
Global
	GlobalSection(SolutionConfigurationPlatforms) = preSolution
		Debug|Any CPU = Debug|Any CPU
		Release|Any CPU = Release|Any CPU
	EndGlobalSection
	GlobalSection(ProjectConfigurationPlatforms) = postSolution
		{FEF92A8C-4A65-4CD7-86A7-0B9ACF2F2140}.Debug|Any CPU.ActiveCfg = Debug|Any CPU
		{FEF92A8C-4A65-4CD7-86A7-0B9ACF2F2140}.Debug|Any CPU.Build.0 = Debug|Any CPU
		{FEF92A8C-4A65-4CD7-86A7-0B9ACF2F2140}.Release|Any CPU.ActiveCfg = Release|Any CPU
		{FEF92A8C-4A65-4CD7-86A7-0B9ACF2F2140}.Release|Any CPU.Build.0 = Release|Any CPU
	EndGlobalSection
	GlobalSection(SolutionProperties) = preSolution
		HideSolutionNode = FALSE
	EndGlobalSection
	GlobalSection(ExtensibilityGlobals) = postSolution
		SolutionGuid = {FF521DE2-3389-4F04-AE21-AA4B15EA75A6}
	EndGlobalSection
EndGlobal
